// !$*UTF8*$!
{
	archiveVersion = 1;
	classes = {
	};
	objectVersion = 46;
	objects = {

/* Begin PBXBuildFile section */
		B2C5BADC1BADA72F0027F04E /* main.m in Sources */ = {isa = PBXBuildFile; fileRef = B2C5BADB1BADA72F0027F04E /* main.m */; };
		B2C5BADF1BADA72F0027F04E /* AppDelegate.m in Sources */ = {isa = PBXBuildFile; fileRef = B2C5BADE1BADA72F0027F04E /* AppDelegate.m */; };
		B2C5BAE21BADA72F0027F04E /* ViewController.m in Sources */ = {isa = PBXBuildFile; fileRef = B2C5BAE11BADA72F0027F04E /* ViewController.m */; };
		B2C5BAE51BADA72F0027F04E /* Main.storyboard in Resources */ = {isa = PBXBuildFile; fileRef = B2C5BAE31BADA72F0027F04E /* Main.storyboard */; };
		B2C5BAE71BADA72F0027F04E /* Images.xcassets in Resources */ = {isa = PBXBuildFile; fileRef = B2C5BAE61BADA72F0027F04E /* Images.xcassets */; };
		B2C5BAEA1BADA72F0027F04E /* LaunchScreen.xib in Resources */ = {isa = PBXBuildFile; fileRef = B2C5BAE81BADA72F0027F04E /* LaunchScreen.xib */; };
		B2C5BAF61BADA72F0027F04E /* OCTestTests.m in Sources */ = {isa = PBXBuildFile; fileRef = B2C5BAF51BADA72F0027F04E /* OCTestTests.m */; };
/* End PBXBuildFile section */

/* Begin PBXContainerItemProxy section */
		B2C5BAF01BADA72F0027F04E /* PBXContainerItemProxy */ = {
			isa = PBXContainerItemProxy;
			containerPortal = B2C5BACE1BADA72F0027F04E /* Project object */;
			proxyType = 1;
			remoteGlobalIDString = B2C5BAD51BADA72F0027F04E;
			remoteInfo = OCTest;
		};
/* End PBXContainerItemProxy section */

/* Begin PBXFileReference section */
		B2C5BAD61BADA72F0027F04E /* OCTest.app */ = {isa = PBXFileReference; explicitFileType = wrapper.application; includeInIndex = 0; path = OCTest.app; sourceTree = BUILT_PRODUCTS_DIR; };
		B2C5BADA1BADA72F0027F04E /* Info.plist */ = {isa = PBXFileReference; lastKnownFileType = text.plist.xml; path = Info.plist; sourceTree = "<group>"; };
		B2C5BADB1BADA72F0027F04E /* main.m */ = {isa = PBXFileReference; lastKnownFileType = sourcecode.c.objc; path = main.m; sourceTree = "<group>"; };
		B2C5BADD1BADA72F0027F04E /* AppDelegate.h */ = {isa = PBXFileReference; lastKnownFileType = sourcecode.c.h; path = AppDelegate.h; sourceTree = "<group>"; };
		B2C5BADE1BADA72F0027F04E /* AppDelegate.m */ = {isa = PBXFileReference; lastKnownFileType = sourcecode.c.objc; path = AppDelegate.m; sourceTree = "<group>"; };
		B2C5BAE01BADA72F0027F04E /* ViewController.h */ = {isa = PBXFileReference; lastKnownFileType = sourcecode.c.h; path = ViewController.h; sourceTree = "<group>"; };
		B2C5BAE11BADA72F0027F04E /* ViewController.m */ = {isa = PBXFileReference; lastKnownFileType = sourcecode.c.objc; path = ViewController.m; sourceTree = "<group>"; };
		B2C5BAE41BADA72F0027F04E /* Base */ = {isa = PBXFileReference; lastKnownFileType = file.storyboard; name = Base; path = Base.lproj/Main.storyboard; sourceTree = "<group>"; };
		B2C5BAE61BADA72F0027F04E /* Images.xcassets */ = {isa = PBXFileReference; lastKnownFileType = folder.assetcatalog; path = Images.xcassets; sourceTree = "<group>"; };
		B2C5BAE91BADA72F0027F04E /* Base */ = {isa = PBXFileReference; lastKnownFileType = file.xib; name = Base; path = Base.lproj/LaunchScreen.xib; sourceTree = "<group>"; };
		B2C5BAEF1BADA72F0027F04E /* OCTestTests.xctest */ = {isa = PBXFileReference; explicitFileType = wrapper.cfbundle; includeInIndex = 0; path = OCTestTests.xctest; sourceTree = BUILT_PRODUCTS_DIR; };
		B2C5BAF41BADA72F0027F04E /* Info.plist */ = {isa = PBXFileReference; lastKnownFileType = text.plist.xml; path = Info.plist; sourceTree = "<group>"; };
		B2C5BAF51BADA72F0027F04E /* OCTestTests.m */ = {isa = PBXFileReference; lastKnownFileType = sourcecode.c.objc; path = OCTestTests.m; sourceTree = "<group>"; };
/* End PBXFileReference section */

/* Begin PBXFrameworksBuildPhase section */
		B2C5BAD31BADA72F0027F04E /* Frameworks */ = {
			isa = PBXFrameworksBuildPhase;
			buildActionMask = 2147483647;
			files = (
			);
			runOnlyForDeploymentPostprocessing = 0;
		};
		B2C5BAEC1BADA72F0027F04E /* Frameworks */ = {
			isa = PBXFrameworksBuildPhase;
			buildActionMask = 2147483647;
			files = (
			);
			runOnlyForDeploymentPostprocessing = 0;
		};
/* End PBXFrameworksBuildPhase section */

/* Begin PBXGroup section */
		B2C5BACD1BADA72F0027F04E = {
			isa = PBXGroup;
			children = (
				B2C5BAD81BADA72F0027F04E /* OCTest */,
				B2C5BAF21BADA72F0027F04E /* OCTestTests */,
				B2C5BAD71BADA72F0027F04E /* Products */,
			);
			sourceTree = "<group>";
		};
		B2C5BAD71BADA72F0027F04E /* Products */ = {
			isa = PBXGroup;
			children = (
				B2C5BAD61BADA72F0027F04E /* OCTest.app */,
				B2C5BAEF1BADA72F0027F04E /* OCTestTests.xctest */,
			);
			name = Products;
			sourceTree = "<group>";
		};
		B2C5BAD81BADA72F0027F04E /* OCTest */ = {
			isa = PBXGroup;
			children = (
				B2C5BADD1BADA72F0027F04E /* AppDelegate.h */,
				B2C5BADE1BADA72F0027F04E /* AppDelegate.m */,
				B2C5BAE01BADA72F0027F04E /* ViewController.h */,
				B2C5BAE11BADA72F0027F04E /* ViewController.m */,
				B2C5BAE31BADA72F0027F04E /* Main.storyboard */,
				B2C5BAE61BADA72F0027F04E /* Images.xcassets */,
				B2C5BAE81BADA72F0027F04E /* LaunchScreen.xib */,
				B2C5BAD91BADA72F0027F04E /* Supporting Files */,
			);
			path = OCTest;
			sourceTree = "<group>";
		};
		B2C5BAD91BADA72F0027F04E /* Supporting Files */ = {
			isa = PBXGroup;
			children = (
				B2C5BADA1BADA72F0027F04E /* Info.plist */,
				B2C5BADB1BADA72F0027F04E /* main.m */,
			);
			name = "Supporting Files";
			sourceTree = "<group>";
		};
		B2C5BAF21BADA72F0027F04E /* OCTestTests */ = {
			isa = PBXGroup;
			children = (
				B2C5BAF51BADA72F0027F04E /* OCTestTests.m */,
				B2C5BAF31BADA72F0027F04E /* Supporting Files */,
			);
			path = OCTestTests;
			sourceTree = "<group>";
		};
		B2C5BAF31BADA72F0027F04E /* Supporting Files */ = {
			isa = PBXGroup;
			children = (
				B2C5BAF41BADA72F0027F04E /* Info.plist */,
			);
			name = "Supporting Files";
			sourceTree = "<group>";
		};
/* End PBXGroup section */

/* Begin PBXNativeTarget section */
		B2C5BAD51BADA72F0027F04E /* OCTest */ = {
			isa = PBXNativeTarget;
			buildConfigurationList = B2C5BAF91BADA72F0027F04E /* Build configuration list for PBXNativeTarget "OCTest" */;
			buildPhases = (
				B2C5BAD21BADA72F0027F04E /* Sources */,
				B2C5BAD31BADA72F0027F04E /* Frameworks */,
				B2C5BAD41BADA72F0027F04E /* Resources */,
			);
			buildRules = (
			);
			dependencies = (
			);
			name = OCTest;
			productName = OCTest;
			productReference = B2C5BAD61BADA72F0027F04E /* OCTest.app */;
			productType = "com.apple.product-type.application";
		};
		B2C5BAEE1BADA72F0027F04E /* OCTestTests */ = {
			isa = PBXNativeTarget;
			buildConfigurationList = B2C5BAFC1BADA72F0027F04E /* Build configuration list for PBXNativeTarget "OCTestTests" */;
			buildPhases = (
				B2C5BAEB1BADA72F0027F04E /* Sources */,
				B2C5BAEC1BADA72F0027F04E /* Frameworks */,
				B2C5BAED1BADA72F0027F04E /* Resources */,
			);
			buildRules = (
			);
			dependencies = (
				B2C5BAF11BADA72F0027F04E /* PBXTargetDependency */,
			);
			name = OCTestTests;
			productName = OCTestTests;
			productReference = B2C5BAEF1BADA72F0027F04E /* OCTestTests.xctest */;
			productType = "com.apple.product-type.bundle.unit-test";
		};
/* End PBXNativeTarget section */

/* Begin PBXProject section */
		B2C5BACE1BADA72F0027F04E /* Project object */ = {
			isa = PBXProject;
			attributes = {
				LastUpgradeCheck = 0620;
				ORGANIZATIONNAME = Feng;
				TargetAttributes = {
					B2C5BAD51BADA72F0027F04E = {
						CreatedOnToolsVersion = 6.2;
					};
					B2C5BAEE1BADA72F0027F04E = {
						CreatedOnToolsVersion = 6.2;
						TestTargetID = B2C5BAD51BADA72F0027F04E;
					};
				};
			};
			buildConfigurationList = B2C5BAD11BADA72F0027F04E /* Build configuration list for PBXProject "OCTest" */;
			compatibilityVersion = "Xcode 3.2";
			developmentRegion = English;
			hasScannedForEncodings = 0;
			knownRegions = (
				en,
				Base,
			);
			mainGroup = B2C5BACD1BADA72F0027F04E;
			productRefGroup = B2C5BAD71BADA72F0027F04E /* Products */;
			projectDirPath = "";
			projectRoot = "";
			targets = (
				B2C5BAD51BADA72F0027F04E /* OCTest */,
				B2C5BAEE1BADA72F0027F04E /* OCTestTests */,
			);
		};
/* End PBXProject section */

/* Begin PBXResourcesBuildPhase section */
		B2C5BAD41BADA72F0027F04E /* Resources */ = {
			isa = PBXResourcesBuildPhase;
			buildActionMask = 2147483647;
			files = (
				B2C5BAE51BADA72F0027F04E /* Main.storyboard in Resources */,
				B2C5BAEA1BADA72F0027F04E /* LaunchScreen.xib in Resources */,
				B2C5BAE71BADA72F0027F04E /* Images.xcassets in Resources */,
			);
			runOnlyForDeploymentPostprocessing = 0;
		};
		B2C5BAED1BADA72F0027F04E /* Resources */ = {
			isa = PBXResourcesBuildPhase;
			buildActionMask = 2147483647;
			files = (
			);
			runOnlyForDeploymentPostprocessing = 0;
		};
/* End PBXResourcesBuildPhase section */

/* Begin PBXSourcesBuildPhase section */
		B2C5BAD21BADA72F0027F04E /* Sources */ = {
			isa = PBXSourcesBuildPhase;
			buildActionMask = 2147483647;
			files = (
				B2C5BAE21BADA72F0027F04E /* ViewController.m in Sources */,
				B2C5BADF1BADA72F0027F04E /* AppDelegate.m in Sources */,
				B2C5BADC1BADA72F0027F04E /* main.m in Sources */,
			);
			runOnlyForDeploymentPostprocessing = 0;
		};
		B2C5BAEB1BADA72F0027F04E /* Sources */ = {
			isa = PBXSourcesBuildPhase;
			buildActionMask = 2147483647;
			files = (
				B2C5BAF61BADA72F0027F04E /* OCTestTests.m in Sources */,
			);
			runOnlyForDeploymentPostprocessing = 0;
		};
/* End PBXSourcesBuildPhase section */

/* Begin PBXTargetDependency section */
		B2C5BAF11BADA72F0027F04E /* PBXTargetDependency */ = {
			isa = PBXTargetDependency;
			target = B2C5BAD51BADA72F0027F04E /* OCTest */;
			targetProxy = B2C5BAF01BADA72F0027F04E /* PBXContainerItemProxy */;
		};
/* End PBXTargetDependency section */

/* Begin PBXVariantGroup section */
		B2C5BAE31BADA72F0027F04E /* Main.storyboard */ = {
			isa = PBXVariantGroup;
			children = (
				B2C5BAE41BADA72F0027F04E /* Base */,
			);
			name = Main.storyboard;
			sourceTree = "<group>";
		};
		B2C5BAE81BADA72F0027F04E /* LaunchScreen.xib */ = {
			isa = PBXVariantGroup;
			children = (
				B2C5BAE91BADA72F0027F04E /* Base */,
			);
			name = LaunchScreen.xib;
			sourceTree = "<group>";
		};
/* End PBXVariantGroup section */

/* Begin XCBuildConfiguration section */
		B2C5BAF71BADA72F0027F04E /* Debug */ = {
			isa = XCBuildConfiguration;
			buildSettings = {
				ALWAYS_SEARCH_USER_PATHS = NO;
				CLANG_CXX_LANGUAGE_STANDARD = "gnu++0x";
				CLANG_CXX_LIBRARY = "libc++";
				CLANG_ENABLE_MODULES = YES;
				CLANG_ENABLE_OBJC_ARC = YES;
				CLANG_WARN_BOOL_CONVERSION = YES;
				CLANG_WARN_CONSTANT_CONVERSION = YES;
				CLANG_WARN_DIRECT_OBJC_ISA_USAGE = YES_ERROR;
				CLANG_WARN_EMPTY_BODY = YES;
				CLANG_WARN_ENUM_CONVERSION = YES;
				CLANG_WARN_INT_CONVERSION = YES;
				CLANG_WARN_OBJC_ROOT_CLASS = YES_ERROR;
				CLANG_WARN_UNREACHABLE_CODE = YES;
				CLANG_WARN__DUPLICATE_METHOD_MATCH = YES;
				"CODE_SIGN_IDENTITY[sdk=iphoneos*]" = "iPhone Developer";
				COPY_PHASE_STRIP = NO;
				ENABLE_STRICT_OBJC_MSGSEND = YES;
				GCC_C_LANGUAGE_STANDARD = gnu99;
				GCC_DYNAMIC_NO_PIC = NO;
				GCC_OPTIMIZATION_LEVEL = 0;
				GCC_PREPROCESSOR_DEFINITIONS = (
					"DEBUG=1",
					"$(inherited)",
				);
				GCC_SYMBOLS_PRIVATE_EXTERN = NO;
				GCC_WARN_64_TO_32_BIT_CONVERSION = YES;
				GCC_WARN_ABOUT_RETURN_TYPE = YES_ERROR;
				GCC_WARN_UNDECLARED_SELECTOR = YES;
				GCC_WARN_UNINITIALIZED_AUTOS = YES_AGGRESSIVE;
				GCC_WARN_UNUSED_FUNCTION = YES;
				GCC_WARN_UNUSED_VARIABLE = YES;
				IPHONEOS_DEPLOYMENT_TARGET = 8.2;
				MTL_ENABLE_DEBUG_INFO = YES;
				ONLY_ACTIVE_ARCH = YES;
				SDKROOT = iphoneos;
				TARGETED_DEVICE_FAMILY = "1,2";
			};
			name = Debug;
		};
		B2C5BAF81BADA72F0027F04E /* Release */ = {
			isa = XCBuildConfiguration;
			buildSettings = {
				ALWAYS_SEARCH_USER_PATHS = NO;
				CLANG_CXX_LANGUAGE_STANDARD = "gnu++0x";
				CLANG_CXX_LIBRARY = "libc++";
				CLANG_ENABLE_MODULES = YES;
				CLANG_ENABLE_OBJC_ARC = YES;
				CLANG_WARN_BOOL_CONVERSION = YES;
				CLANG_WARN_CONSTANT_CONVERSION = YES;
				CLANG_WARN_DIRECT_OBJC_ISA_USAGE = YES_ERROR;
				CLANG_WARN_EMPTY_BODY = YES;
				CLANG_WARN_ENUM_CONVERSION = YES;
				CLANG_WARN_INT_CONVERSION = YES;
				CLANG_WARN_OBJC_ROOT_CLASS = YES_ERROR;
				CLANG_WARN_UNREACHABLE_CODE = YES;
				CLANG_WARN__DUPLICATE_METHOD_MATCH = YES;
				"CODE_SIGN_IDENTITY[sdk=iphoneos*]" = "iPhone Developer";
				COPY_PHASE_STRIP = NO;
				ENABLE_NS_ASSERTIONS = NO;
				ENABLE_STRICT_OBJC_MSGSEND = YES;
				GCC_C_LANGUAGE_STANDARD = gnu99;
				GCC_WARN_64_TO_32_BIT_CONVERSION = YES;
				GCC_WARN_ABOUT_RETURN_TYPE = YES_ERROR;
				GCC_WARN_UNDECLARED_SELECTOR = YES;
				GCC_WARN_UNINITIALIZED_AUTOS = YES_AGGRESSIVE;
				GCC_WARN_UNUSED_FUNCTION = YES;
				GCC_WARN_UNUSED_VARIABLE = YES;
				IPHONEOS_DEPLOYMENT_TARGET = 8.2;
				MTL_ENABLE_DEBUG_INFO = NO;
				SDKROOT = iphoneos;
				TARGETED_DEVICE_FAMILY = "1,2";
				VALIDATE_PRODUCT = YES;
			};
			name = Release;
		};
		B2C5BAFA1BADA72F0027F04E /* Debug */ = {
			isa = XCBuildConfiguration;
			buildSettings = {
				ASSETCATALOG_COMPILER_APPICON_NAME = AppIcon;
				INFOPLIST_FILE = OCTest/Info.plist;
				LD_RUNPATH_SEARCH_PATHS = "$(inherited) @executable_path/Frameworks";
				PRODUCT_NAME = "$(TARGET_NAME)";
			};
			name = Debug;
		};
		B2C5BAFB1BADA72F0027F04E /* Release */ = {
			isa = XCBuildConfiguration;
			buildSettings = {
				ASSETCATALOG_COMPILER_APPICON_NAME = AppIcon;
				INFOPLIST_FILE = OCTest/Info.plist;
				LD_RUNPATH_SEARCH_PATHS = "$(inherited) @executable_path/Frameworks";
				PRODUCT_NAME = "$(TARGET_NAME)";
			};
			name = Release;
		};
		B2C5BAFD1BADA72F0027F04E /* Debug */ = {
			isa = XCBuildConfiguration;
			buildSettings = {
				BUNDLE_LOADER = "$(TEST_HOST)";
				FRAMEWORK_SEARCH_PATHS = (
					"$(SDKROOT)/Developer/Library/Frameworks",
					"$(inherited)",
				);
				GCC_PREPROCESSOR_DEFINITIONS = (
					"DEBUG=1",
					"$(inherited)",
				);
				INFOPLIST_FILE = OCTestTests/Info.plist;
				LD_RUNPATH_SEARCH_PATHS = "$(inherited) @executable_path/Frameworks @loader_path/Frameworks";
				PRODUCT_NAME = "$(TARGET_NAME)";
				TEST_HOST = "$(BUILT_PRODUCTS_DIR)/OCTest.app/OCTest";
			};
			name = Debug;
		};
		B2C5BAFE1BADA72F0027F04E /* Release */ = {
			isa = XCBuildConfiguration;
			buildSettings = {
				BUNDLE_LOADER = "$(TEST_HOST)";
				FRAMEWORK_SEARCH_PATHS = (
					"$(SDKROOT)/Developer/Library/Frameworks",
					"$(inherited)",
				);
				INFOPLIST_FILE = OCTestTests/Info.plist;
				LD_RUNPATH_SEARCH_PATHS = "$(inherited) @executable_path/Frameworks @loader_path/Frameworks";
				PRODUCT_NAME = "$(TARGET_NAME)";
				TEST_HOST = "$(BUILT_PRODUCTS_DIR)/OCTest.app/OCTest";
			};
			name = Release;
		};
/* End XCBuildConfiguration section */

/* Begin XCConfigurationList section */
		B2C5BAD11BADA72F0027F04E /* Build configuration list for PBXProject "OCTest" */ = {
			isa = XCConfigurationList;
			buildConfigurations = (
				B2C5BAF71BADA72F0027F04E /* Debug */,
				B2C5BAF81BADA72F0027F04E /* Release */,
			);
			defaultConfigurationIsVisible = 0;
			defaultConfigurationName = Release;
		};
		B2C5BAF91BADA72F0027F04E /* Build configuration list for PBXNativeTarget "OCTest" */ = {
			isa = XCConfigurationList;
			buildConfigurations = (
				B2C5BAFA1BADA72F0027F04E /* Debug */,
				B2C5BAFB1BADA72F0027F04E /* Release */,
			);
			defaultConfigurationIsVisible = 0;
		};
		B2C5BAFC1BADA72F0027F04E /* Build configuration list for PBXNativeTarget "OCTestTests" */ = {
			isa = XCConfigurationList;
			buildConfigurations = (
				B2C5BAFD1BADA72F0027F04E /* Debug */,
				B2C5BAFE1BADA72F0027F04E /* Release */,
			);
			defaultConfigurationIsVisible = 0;
		};
/* End XCConfigurationList section */
	};
	rootObject = B2C5BACE1BADA72F0027F04E /* Project object */;
}
